
Microsoft Visual Studio Solution File, Format Version 12.00
# Visual Studio Version 17
VisualStudioVersion = 17.7.34202.233
MinimumVisualStudioVersion = 10.0.40219.1
Project("{9A19103F-16F7-4668-BE54-9A1E7A4F7556}") = "01_A", "01_A\01_A.csproj", "{FED255CE-D338-4FCD-9C3B-0199FCFFF039}"
EndProject
Project("{9A19103F-16F7-4668-BE54-9A1E7A4F7556}") = "01_B", "01_B\01_B.csproj", "{35D428AF-8B4A-4D04-9AC3-186D83FC2225}"
EndProject
Project("{9A19103F-16F7-4668-BE54-9A1E7A4F7556}") = "02_A", "02_A\02_A.csproj", "{691FC251-841C-43E4-94C5-0A9E14F0BC41}"
EndProject
Project("{9A19103F-16F7-4668-BE54-9A1E7A4F7556}") = "02_B", "02_B\02_B.csproj", "{44865F8F-C03E-4921-B7CE-05F4BA63B11F}"
EndProject
Project("{9A19103F-16F7-4668-BE54-9A1E7A4F7556}") = "03_A", "03_A\03_A.csproj", "{A113E98E-C914-4AF1-A1C9-EC38B8F71105}"
EndProject
Project("{9A19103F-16F7-4668-BE54-9A1E7A4F7556}") = "03_B", "03_B\03_B.csproj", "{776F15D7-8ECB-42E4-B63B-B0F8D9F16CB4}"
EndProject
Project("{9A19103F-16F7-4668-BE54-9A1E7A4F7556}") = "04_A", "04_A\04_A.csproj", "{C09C965C-AC18-424C-913B-4BE2C8E581E0}"
EndProject
Project("{9A19103F-16F7-4668-BE54-9A1E7A4F7556}") = "04_B", "04_B\04_B.csproj", "{426C10BD-D87E-4DAB-9738-A8C9E9CEDCA3}"
EndProject
Project("{FAE04EC0-301F-11D3-BF4B-00C04F79EFBC}") = "05_A", "05_A\05_A.csproj", "{845EA151-3AB3-4AF9-848D-92619A437D5C}"
EndProject
Project("{FAE04EC0-301F-11D3-BF4B-00C04F79EFBC}") = "05_B", "05_B\05_B.csproj", "{5AFB1DFA-0EA9-42E9-A58C-18EA39234AEA}"
EndProject
Global
	GlobalSection(SolutionConfigurationPlatforms) = preSolution
		Debug|Any CPU = Debug|Any CPU
		Release|Any CPU = Release|Any CPU
	EndGlobalSection
	GlobalSection(ProjectConfigurationPlatforms) = postSolution
		{FED255CE-D338-4FCD-9C3B-0199FCFFF039}.Debug|Any CPU.ActiveCfg = Debug|Any CPU
		{FED255CE-D338-4FCD-9C3B-0199FCFFF039}.Debug|Any CPU.Build.0 = Debug|Any CPU
		{FED255CE-D338-4FCD-9C3B-0199FCFFF039}.Release|Any CPU.ActiveCfg = Release|Any CPU
		{FED255CE-D338-4FCD-9C3B-0199FCFFF039}.Release|Any CPU.Build.0 = Release|Any CPU
		{35D428AF-8B4A-4D04-9AC3-186D83FC2225}.Debug|Any CPU.ActiveCfg = Debug|Any CPU
		{35D428AF-8B4A-4D04-9AC3-186D83FC2225}.Debug|Any CPU.Build.0 = Debug|Any CPU
		{35D428AF-8B4A-4D04-9AC3-186D83FC2225}.Release|Any CPU.ActiveCfg = Release|Any CPU
		{35D428AF-8B4A-4D04-9AC3-186D83FC2225}.Release|Any CPU.Build.0 = Release|Any CPU
		{691FC251-841C-43E4-94C5-0A9E14F0BC41}.Debug|Any CPU.ActiveCfg = Debug|Any CPU
		{691FC251-841C-43E4-94C5-0A9E14F0BC41}.Debug|Any CPU.Build.0 = Debug|Any CPU
		{691FC251-841C-43E4-94C5-0A9E14F0BC41}.Release|Any CPU.ActiveCfg = Release|Any CPU
		{691FC251-841C-43E4-94C5-0A9E14F0BC41}.Release|Any CPU.Build.0 = Release|Any CPU
		{44865F8F-C03E-4921-B7CE-05F4BA63B11F}.Debug|Any CPU.ActiveCfg = Debug|Any CPU
		{44865F8F-C03E-4921-B7CE-05F4BA63B11F}.Debug|Any CPU.Build.0 = Debug|Any CPU
		{44865F8F-C03E-4921-B7CE-05F4BA63B11F}.Release|Any CPU.ActiveCfg = Release|Any CPU
		{44865F8F-C03E-4921-B7CE-05F4BA63B11F}.Release|Any CPU.Build.0 = Release|Any CPU
		{A113E98E-C914-4AF1-A1C9-EC38B8F71105}.Debug|Any CPU.ActiveCfg = Debug|Any CPU
		{A113E98E-C914-4AF1-A1C9-EC38B8F71105}.Debug|Any CPU.Build.0 = Debug|Any CPU
		{A113E98E-C914-4AF1-A1C9-EC38B8F71105}.Release|Any CPU.ActiveCfg = Release|Any CPU
		{A113E98E-C914-4AF1-A1C9-EC38B8F71105}.Release|Any CPU.Build.0 = Release|Any CPU
		{776F15D7-8ECB-42E4-B63B-B0F8D9F16CB4}.Debug|Any CPU.ActiveCfg = Debug|Any CPU
		{776F15D7-8ECB-42E4-B63B-B0F8D9F16CB4}.Debug|Any CPU.Build.0 = Debug|Any CPU
		{776F15D7-8ECB-42E4-B63B-B0F8D9F16CB4}.Release|Any CPU.ActiveCfg = Release|Any CPU
		{776F15D7-8ECB-42E4-B63B-B0F8D9F16CB4}.Release|Any CPU.Build.0 = Release|Any CPU
		{C09C965C-AC18-424C-913B-4BE2C8E581E0}.Debug|Any CPU.ActiveCfg = Debug|Any CPU
		{C09C965C-AC18-424C-913B-4BE2C8E581E0}.Debug|Any CPU.Build.0 = Debug|Any CPU
		{C09C965C-AC18-424C-913B-4BE2C8E581E0}.Release|Any CPU.ActiveCfg = Release|Any CPU
		{C09C965C-AC18-424C-913B-4BE2C8E581E0}.Release|Any CPU.Build.0 = Release|Any CPU
		{426C10BD-D87E-4DAB-9738-A8C9E9CEDCA3}.Debug|Any CPU.ActiveCfg = Debug|Any CPU
		{426C10BD-D87E-4DAB-9738-A8C9E9CEDCA3}.Debug|Any CPU.Build.0 = Debug|Any CPU
		{426C10BD-D87E-4DAB-9738-A8C9E9CEDCA3}.Release|Any CPU.ActiveCfg = Release|Any CPU
		{426C10BD-D87E-4DAB-9738-A8C9E9CEDCA3}.Release|Any CPU.Build.0 = Release|Any CPU
		{845EA151-3AB3-4AF9-848D-92619A437D5C}.Debug|Any CPU.ActiveCfg = Debug|Any CPU
		{845EA151-3AB3-4AF9-848D-92619A437D5C}.Debug|Any CPU.Build.0 = Debug|Any CPU
		{845EA151-3AB3-4AF9-848D-92619A437D5C}.Release|Any CPU.ActiveCfg = Release|Any CPU
		{845EA151-3AB3-4AF9-848D-92619A437D5C}.Release|Any CPU.Build.0 = Release|Any CPU
		{5AFB1DFA-0EA9-42E9-A58C-18EA39234AEA}.Debug|Any CPU.ActiveCfg = Debug|Any CPU
		{5AFB1DFA-0EA9-42E9-A58C-18EA39234AEA}.Debug|Any CPU.Build.0 = Debug|Any CPU
		{5AFB1DFA-0EA9-42E9-A58C-18EA39234AEA}.Release|Any CPU.ActiveCfg = Release|Any CPU
		{5AFB1DFA-0EA9-42E9-A58C-18EA39234AEA}.Release|Any CPU.Build.0 = Release|Any CPU
	EndGlobalSection
	GlobalSection(SolutionProperties) = preSolution
		HideSolutionNode = FALSE
	EndGlobalSection
	GlobalSection(ExtensibilityGlobals) = postSolution
		SolutionGuid = {4D094B33-DB5E-4B14-BADD-E0CDF1A5B353}
	EndGlobalSection
EndGlobal
