
Microsoft Visual Studio Solution File, Format Version 12.00
# Visual Studio Version 17
VisualStudioVersion = 17.7.34202.233
MinimumVisualStudioVersion = 10.0.40219.1
Project("{9A19103F-16F7-4668-BE54-9A1E7A4F7556}") = "01_A", "01_A\01_A.csproj", "{FED255CE-D338-4FCD-9C3B-0199FCFFF039}"
EndProject
Project("{9A19103F-16F7-4668-BE54-9A1E7A4F7556}") = "01_B", "01_B\01_B.csproj", "{35D428AF-8B4A-4D04-9AC3-186D83FC2225}"
EndProject
Project("{9A19103F-16F7-4668-BE54-9A1E7A4F7556}") = "02_A", "02_A\02_A.csproj", "{691FC251-841C-43E4-94C5-0A9E14F0BC41}"
EndProject
Project("{9A19103F-16F7-4668-BE54-9A1E7A4F7556}") = "02_B", "02_B\02_B.csproj", "{44865F8F-C03E-4921-B7CE-05F4BA63B11F}"
EndProject
Project("{9A19103F-16F7-4668-BE54-9A1E7A4F7556}") = "03_A", "03_A\03_A.csproj", "{A113E98E-C914-4AF1-A1C9-EC38B8F71105}"
EndProject
Project("{9A19103F-16F7-4668-BE54-9A1E7A4F7556}") = "03_B", "03_B\03_B.csproj", "{776F15D7-8ECB-42E4-B63B-B0F8D9F16CB4}"
EndProject
Project("{9A19103F-16F7-4668-BE54-9A1E7A4F7556}") = "04_A", "04_A\04_A.csproj", "{C09C965C-AC18-424C-913B-4BE2C8E581E0}"
EndProject
Project("{9A19103F-16F7-4668-BE54-9A1E7A4F7556}") = "04_B", "04_B\04_B.csproj", "{426C10BD-D87E-4DAB-9738-A8C9E9CEDCA3}"
EndProject
Project("{9A19103F-16F7-4668-BE54-9A1E7A4F7556}") = "05_A", "05_A\05_A.csproj", "{845EA151-3AB3-4AF9-848D-92619A437D5C}"
EndProject
Project("{9A19103F-16F7-4668-BE54-9A1E7A4F7556}") = "05_B", "05_B\05_B.csproj", "{5AFB1DFA-0EA9-42E9-A58C-18EA39234AEA}"
EndProject
Project("{9A19103F-16F7-4668-BE54-9A1E7A4F7556}") = "06_A", "06_A\06_A.csproj", "{2AE806AC-E661-443F-BC49-EFF680F00D0A}"
EndProject
Project("{9A19103F-16F7-4668-BE54-9A1E7A4F7556}") = "06_B", "06_B\06_B.csproj", "{D376D290-C5E5-4349-AF14-BE2A27238DF4}"
EndProject
Project("{9A19103F-16F7-4668-BE54-9A1E7A4F7556}") = "07_A", "07_A\07_A.csproj", "{680F67AF-8BB0-40CB-A735-18D45BB9457B}"
EndProject
Project("{9A19103F-16F7-4668-BE54-9A1E7A4F7556}") = "07_B", "07_B\07_B.csproj", "{93D9DEE9-F787-4D98-80F0-689FCA806EAB}"
EndProject
Project("{9A19103F-16F7-4668-BE54-9A1E7A4F7556}") = "08_A", "08_A\08_A.csproj", "{B27CFDD5-8229-41FF-AA35-27B2FDF44E8E}"
EndProject
Project("{9A19103F-16F7-4668-BE54-9A1E7A4F7556}") = "08_B", "08_B\08_B.csproj", "{B6851EBC-6D82-4652-9153-1D8F50A7438B}"
EndProject
Project("{9A19103F-16F7-4668-BE54-9A1E7A4F7556}") = "09_A", "09_A\09_A.csproj", "{4A44E577-C5CA-48AA-BE03-E73CB4DE771E}"
EndProject
Project("{9A19103F-16F7-4668-BE54-9A1E7A4F7556}") = "09_B", "09_B\09_B.csproj", "{511241CC-B50C-4247-96F7-CDE060D8BB36}"
EndProject
Project("{9A19103F-16F7-4668-BE54-9A1E7A4F7556}") = "10_A", "10_A\10_A.csproj", "{88F4E6E7-3CC4-41AC-9F2D-81EB0EAFCA11}"
EndProject
Project("{9A19103F-16F7-4668-BE54-9A1E7A4F7556}") = "10_B", "10_B\10_B.csproj", "{0AE627F3-2300-4CD1-BE3A-B4C7D4CF6EDF}"
EndProject
Project("{FAE04EC0-301F-11D3-BF4B-00C04F79EFBC}") = "11_A", "11_A\11_A.csproj", "{A0131540-AC34-4C41-85D5-0E029FADBC61}"
EndProject
Project("{FAE04EC0-301F-11D3-BF4B-00C04F79EFBC}") = "11_B", "11_B\11_B.csproj", "{552A6949-B97D-4492-AF1C-306E6CF5CFE4}"
EndProject
Global
	GlobalSection(SolutionConfigurationPlatforms) = preSolution
		Debug|Any CPU = Debug|Any CPU
		Release|Any CPU = Release|Any CPU
	EndGlobalSection
	GlobalSection(ProjectConfigurationPlatforms) = postSolution
		{FED255CE-D338-4FCD-9C3B-0199FCFFF039}.Debug|Any CPU.ActiveCfg = Debug|Any CPU
		{FED255CE-D338-4FCD-9C3B-0199FCFFF039}.Debug|Any CPU.Build.0 = Debug|Any CPU
		{FED255CE-D338-4FCD-9C3B-0199FCFFF039}.Release|Any CPU.ActiveCfg = Release|Any CPU
		{FED255CE-D338-4FCD-9C3B-0199FCFFF039}.Release|Any CPU.Build.0 = Release|Any CPU
		{35D428AF-8B4A-4D04-9AC3-186D83FC2225}.Debug|Any CPU.ActiveCfg = Debug|Any CPU
		{35D428AF-8B4A-4D04-9AC3-186D83FC2225}.Debug|Any CPU.Build.0 = Debug|Any CPU
		{35D428AF-8B4A-4D04-9AC3-186D83FC2225}.Release|Any CPU.ActiveCfg = Release|Any CPU
		{35D428AF-8B4A-4D04-9AC3-186D83FC2225}.Release|Any CPU.Build.0 = Release|Any CPU
		{691FC251-841C-43E4-94C5-0A9E14F0BC41}.Debug|Any CPU.ActiveCfg = Debug|Any CPU
		{691FC251-841C-43E4-94C5-0A9E14F0BC41}.Debug|Any CPU.Build.0 = Debug|Any CPU
		{691FC251-841C-43E4-94C5-0A9E14F0BC41}.Release|Any CPU.ActiveCfg = Release|Any CPU
		{691FC251-841C-43E4-94C5-0A9E14F0BC41}.Release|Any CPU.Build.0 = Release|Any CPU
		{44865F8F-C03E-4921-B7CE-05F4BA63B11F}.Debug|Any CPU.ActiveCfg = Debug|Any CPU
		{44865F8F-C03E-4921-B7CE-05F4BA63B11F}.Debug|Any CPU.Build.0 = Debug|Any CPU
		{44865F8F-C03E-4921-B7CE-05F4BA63B11F}.Release|Any CPU.ActiveCfg = Release|Any CPU
		{44865F8F-C03E-4921-B7CE-05F4BA63B11F}.Release|Any CPU.Build.0 = Release|Any CPU
		{A113E98E-C914-4AF1-A1C9-EC38B8F71105}.Debug|Any CPU.ActiveCfg = Debug|Any CPU
		{A113E98E-C914-4AF1-A1C9-EC38B8F71105}.Debug|Any CPU.Build.0 = Debug|Any CPU
		{A113E98E-C914-4AF1-A1C9-EC38B8F71105}.Release|Any CPU.ActiveCfg = Release|Any CPU
		{A113E98E-C914-4AF1-A1C9-EC38B8F71105}.Release|Any CPU.Build.0 = Release|Any CPU
		{776F15D7-8ECB-42E4-B63B-B0F8D9F16CB4}.Debug|Any CPU.ActiveCfg = Debug|Any CPU
		{776F15D7-8ECB-42E4-B63B-B0F8D9F16CB4}.Debug|Any CPU.Build.0 = Debug|Any CPU
		{776F15D7-8ECB-42E4-B63B-B0F8D9F16CB4}.Release|Any CPU.ActiveCfg = Release|Any CPU
		{776F15D7-8ECB-42E4-B63B-B0F8D9F16CB4}.Release|Any CPU.Build.0 = Release|Any CPU
		{C09C965C-AC18-424C-913B-4BE2C8E581E0}.Debug|Any CPU.ActiveCfg = Debug|Any CPU
		{C09C965C-AC18-424C-913B-4BE2C8E581E0}.Debug|Any CPU.Build.0 = Debug|Any CPU
		{C09C965C-AC18-424C-913B-4BE2C8E581E0}.Release|Any CPU.ActiveCfg = Release|Any CPU
		{C09C965C-AC18-424C-913B-4BE2C8E581E0}.Release|Any CPU.Build.0 = Release|Any CPU
		{426C10BD-D87E-4DAB-9738-A8C9E9CEDCA3}.Debug|Any CPU.ActiveCfg = Debug|Any CPU
		{426C10BD-D87E-4DAB-9738-A8C9E9CEDCA3}.Debug|Any CPU.Build.0 = Debug|Any CPU
		{426C10BD-D87E-4DAB-9738-A8C9E9CEDCA3}.Release|Any CPU.ActiveCfg = Release|Any CPU
		{426C10BD-D87E-4DAB-9738-A8C9E9CEDCA3}.Release|Any CPU.Build.0 = Release|Any CPU
		{845EA151-3AB3-4AF9-848D-92619A437D5C}.Debug|Any CPU.ActiveCfg = Debug|Any CPU
		{845EA151-3AB3-4AF9-848D-92619A437D5C}.Debug|Any CPU.Build.0 = Debug|Any CPU
		{845EA151-3AB3-4AF9-848D-92619A437D5C}.Release|Any CPU.ActiveCfg = Release|Any CPU
		{845EA151-3AB3-4AF9-848D-92619A437D5C}.Release|Any CPU.Build.0 = Release|Any CPU
		{5AFB1DFA-0EA9-42E9-A58C-18EA39234AEA}.Debug|Any CPU.ActiveCfg = Debug|Any CPU
		{5AFB1DFA-0EA9-42E9-A58C-18EA39234AEA}.Debug|Any CPU.Build.0 = Debug|Any CPU
		{5AFB1DFA-0EA9-42E9-A58C-18EA39234AEA}.Release|Any CPU.ActiveCfg = Release|Any CPU
		{5AFB1DFA-0EA9-42E9-A58C-18EA39234AEA}.Release|Any CPU.Build.0 = Release|Any CPU
		{2AE806AC-E661-443F-BC49-EFF680F00D0A}.Debug|Any CPU.ActiveCfg = Debug|Any CPU
		{2AE806AC-E661-443F-BC49-EFF680F00D0A}.Debug|Any CPU.Build.0 = Debug|Any CPU
		{2AE806AC-E661-443F-BC49-EFF680F00D0A}.Release|Any CPU.ActiveCfg = Release|Any CPU
		{2AE806AC-E661-443F-BC49-EFF680F00D0A}.Release|Any CPU.Build.0 = Release|Any CPU
		{D376D290-C5E5-4349-AF14-BE2A27238DF4}.Debug|Any CPU.ActiveCfg = Debug|Any CPU
		{D376D290-C5E5-4349-AF14-BE2A27238DF4}.Debug|Any CPU.Build.0 = Debug|Any CPU
		{D376D290-C5E5-4349-AF14-BE2A27238DF4}.Release|Any CPU.ActiveCfg = Release|Any CPU
		{D376D290-C5E5-4349-AF14-BE2A27238DF4}.Release|Any CPU.Build.0 = Release|Any CPU
		{680F67AF-8BB0-40CB-A735-18D45BB9457B}.Debug|Any CPU.ActiveCfg = Debug|Any CPU
		{680F67AF-8BB0-40CB-A735-18D45BB9457B}.Debug|Any CPU.Build.0 = Debug|Any CPU
		{680F67AF-8BB0-40CB-A735-18D45BB9457B}.Release|Any CPU.ActiveCfg = Release|Any CPU
		{680F67AF-8BB0-40CB-A735-18D45BB9457B}.Release|Any CPU.Build.0 = Release|Any CPU
		{93D9DEE9-F787-4D98-80F0-689FCA806EAB}.Debug|Any CPU.ActiveCfg = Debug|Any CPU
		{93D9DEE9-F787-4D98-80F0-689FCA806EAB}.Debug|Any CPU.Build.0 = Debug|Any CPU
		{93D9DEE9-F787-4D98-80F0-689FCA806EAB}.Release|Any CPU.ActiveCfg = Release|Any CPU
		{93D9DEE9-F787-4D98-80F0-689FCA806EAB}.Release|Any CPU.Build.0 = Release|Any CPU
		{B27CFDD5-8229-41FF-AA35-27B2FDF44E8E}.Debug|Any CPU.ActiveCfg = Debug|Any CPU
		{B27CFDD5-8229-41FF-AA35-27B2FDF44E8E}.Debug|Any CPU.Build.0 = Debug|Any CPU
		{B27CFDD5-8229-41FF-AA35-27B2FDF44E8E}.Release|Any CPU.ActiveCfg = Release|Any CPU
		{B27CFDD5-8229-41FF-AA35-27B2FDF44E8E}.Release|Any CPU.Build.0 = Release|Any CPU
		{B6851EBC-6D82-4652-9153-1D8F50A7438B}.Debug|Any CPU.ActiveCfg = Debug|Any CPU
		{B6851EBC-6D82-4652-9153-1D8F50A7438B}.Debug|Any CPU.Build.0 = Debug|Any CPU
		{B6851EBC-6D82-4652-9153-1D8F50A7438B}.Release|Any CPU.ActiveCfg = Release|Any CPU
		{B6851EBC-6D82-4652-9153-1D8F50A7438B}.Release|Any CPU.Build.0 = Release|Any CPU
		{4A44E577-C5CA-48AA-BE03-E73CB4DE771E}.Debug|Any CPU.ActiveCfg = Debug|Any CPU
		{4A44E577-C5CA-48AA-BE03-E73CB4DE771E}.Debug|Any CPU.Build.0 = Debug|Any CPU
		{4A44E577-C5CA-48AA-BE03-E73CB4DE771E}.Release|Any CPU.ActiveCfg = Release|Any CPU
		{4A44E577-C5CA-48AA-BE03-E73CB4DE771E}.Release|Any CPU.Build.0 = Release|Any CPU
		{511241CC-B50C-4247-96F7-CDE060D8BB36}.Debug|Any CPU.ActiveCfg = Debug|Any CPU
		{511241CC-B50C-4247-96F7-CDE060D8BB36}.Debug|Any CPU.Build.0 = Debug|Any CPU
		{511241CC-B50C-4247-96F7-CDE060D8BB36}.Release|Any CPU.ActiveCfg = Release|Any CPU
		{511241CC-B50C-4247-96F7-CDE060D8BB36}.Release|Any CPU.Build.0 = Release|Any CPU
		{88F4E6E7-3CC4-41AC-9F2D-81EB0EAFCA11}.Debug|Any CPU.ActiveCfg = Debug|Any CPU
		{88F4E6E7-3CC4-41AC-9F2D-81EB0EAFCA11}.Debug|Any CPU.Build.0 = Debug|Any CPU
		{88F4E6E7-3CC4-41AC-9F2D-81EB0EAFCA11}.Release|Any CPU.ActiveCfg = Release|Any CPU
		{88F4E6E7-3CC4-41AC-9F2D-81EB0EAFCA11}.Release|Any CPU.Build.0 = Release|Any CPU
		{0AE627F3-2300-4CD1-BE3A-B4C7D4CF6EDF}.Debug|Any CPU.ActiveCfg = Debug|Any CPU
		{0AE627F3-2300-4CD1-BE3A-B4C7D4CF6EDF}.Debug|Any CPU.Build.0 = Debug|Any CPU
		{0AE627F3-2300-4CD1-BE3A-B4C7D4CF6EDF}.Release|Any CPU.ActiveCfg = Release|Any CPU
		{0AE627F3-2300-4CD1-BE3A-B4C7D4CF6EDF}.Release|Any CPU.Build.0 = Release|Any CPU
		{A0131540-AC34-4C41-85D5-0E029FADBC61}.Debug|Any CPU.ActiveCfg = Debug|Any CPU
		{A0131540-AC34-4C41-85D5-0E029FADBC61}.Debug|Any CPU.Build.0 = Debug|Any CPU
		{A0131540-AC34-4C41-85D5-0E029FADBC61}.Release|Any CPU.ActiveCfg = Release|Any CPU
		{A0131540-AC34-4C41-85D5-0E029FADBC61}.Release|Any CPU.Build.0 = Release|Any CPU
		{552A6949-B97D-4492-AF1C-306E6CF5CFE4}.Debug|Any CPU.ActiveCfg = Debug|Any CPU
		{552A6949-B97D-4492-AF1C-306E6CF5CFE4}.Debug|Any CPU.Build.0 = Debug|Any CPU
		{552A6949-B97D-4492-AF1C-306E6CF5CFE4}.Release|Any CPU.ActiveCfg = Release|Any CPU
		{552A6949-B97D-4492-AF1C-306E6CF5CFE4}.Release|Any CPU.Build.0 = Release|Any CPU
	EndGlobalSection
	GlobalSection(SolutionProperties) = preSolution
		HideSolutionNode = FALSE
	EndGlobalSection
	GlobalSection(ExtensibilityGlobals) = postSolution
		SolutionGuid = {4D094B33-DB5E-4B14-BADD-E0CDF1A5B353}
	EndGlobalSection
EndGlobal
